
Microsoft Visual Studio Solution File, Format Version 12.00
# Visual Studio Version 17
VisualStudioVersion = 17.11.35312.102
MinimumVisualStudioVersion = 10.0.40219.1
Project("{FAE04EC0-301F-11D3-BF4B-00C04F79EFBC}") = "VIDEOS_DE_ALTA_CALIDAD", "VIDEOS_DE_ALTA_CALIDAD\VIDEOS_DE_ALTA_CALIDAD.csproj", "{9DC0D9BB-0194-4BC6-802B-D3A3C0B39B0D}"
EndProject
Global
	GlobalSection(SolutionConfigurationPlatforms) = preSolution
		Debug|Any CPU = Debug|Any CPU
		Release|Any CPU = Release|Any CPU
	EndGlobalSection
	GlobalSection(ProjectConfigurationPlatforms) = postSolution
		{9DC0D9BB-0194-4BC6-802B-D3A3C0B39B0D}.Debug|Any CPU.ActiveCfg = Debug|Any CPU
		{9DC0D9BB-0194-4BC6-802B-D3A3C0B39B0D}.Debug|Any CPU.Build.0 = Debug|Any CPU
		{9DC0D9BB-0194-4BC6-802B-D3A3C0B39B0D}.Release|Any CPU.ActiveCfg = Release|Any CPU
		{9DC0D9BB-0194-4BC6-802B-D3A3C0B39B0D}.Release|Any CPU.Build.0 = Release|Any CPU
	EndGlobalSection
	GlobalSection(SolutionProperties) = preSolution
		HideSolutionNode = FALSE
	EndGlobalSection
	GlobalSection(ExtensibilityGlobals) = postSolution
		SolutionGuid = {9AD43EFD-FA18-4F0B-874F-CD52A0BBC0EF}
	EndGlobalSection
EndGlobal
